<Solution>
  <Project Path="AdoService/AdoService.csproj" Id="953fd650-7637-4dd6-9d23-a8cd0f0d336d" />
  <Project Path="BirdApi/BirdApi.csproj" Id="0f36a96e-de03-4d9c-87cb-61f1d3f243e7" />
  <Project Path="DapperService/DapperService.csproj" Id="0c11a053-e696-4080-a258-c82591f5338e" />
  <Project Path="DatabaseOne/DatabaseOne.csproj" Id="bb6f186c-eb7c-4dd7-86b3-6ca5f989f0f8" />
  <Project Path="DatabaseThree/DatabaseThree.csproj" Id="abcc9e62-c3d3-4aa9-89ef-d85d361f7c0b" />
  <Project Path="DatabaseTwo/DatabaseTwo.csproj" Id="ab54e4b6-866f-49e2-bada-521517bac21e" />
  <Project Path="DI_WebApi/DI_WebApi.csproj" Id="b44beaad-606b-43a8-a04e-b210cedbf8d2" />
  <Project Path="Domain_01/Domain_01.csproj" Id="9ffab3d5-531e-46e7-8d1f-a3cb7603af1c" />
  <Project Path="Domain_02/Domain_02.csproj" Id="032b9b87-7def-435b-a0a9-b982e2ae7c5c" />
  <Project Path="Domain_WebApi_01/Domain_WebApi_01.csproj" Id="59ed9a9e-e2d0-408b-a75b-adfd31297788" />
  <Project Path="Services/Services.csproj" Id="947ce1e3-3d95-4bea-8aee-39956e5d49f2" />
  <Project Path="Tuto_01/Tuto_01_AdoDotNet.csproj" />
  <Project Path="Tuto_02_Dapper/Tuto_02_Dapper.csproj" Id="f9f385e1-c388-4591-bac0-4b3f019dbeea" />
  <Project Path="Tuto_03_EFCore/Tuto_03_EFCore.csproj" Id="a8dfc7cd-445f-41ea-9955-fe11fbbf61f6" />
  <Project Path="Tuto_04_ClassLibary/Tuto_04_ClassLibary.csproj" Id="637ae21a-6b6b-4efc-930b-bf9d07e3fe85" />
  <Project Path="Tuto_05_WebApi/Tuto_05_WebApi.csproj" Id="2f5e2beb-36b5-43b9-9807-b4b4309d1182" />
  <Project Path="Tuto_06_WebApiEmpty/Tuto_06_MinimalApi.csproj" Id="51fe2986-3355-41fb-a69a-b31027b2b25d" />
  <Project Path="Tuto_07_JSON/Tuto_07_JSON.csproj" Id="fce832d6-8ef1-45e6-939d-6f641e819d7c" />
  <Project Path="Tuto_08_MinimalApi/Tuto_08_MinimalApi.csproj" Id="2a234fa1-6ee8-4ff1-b813-d2e7c7a6b03d" />
  <Project Path="Tuto_09_MinimalApi/Tuto_09_MinimalApi.csproj" Id="116cfa86-0a5a-49a0-800e-2f11ba4a5b19" />
  <Project Path="Tuto_09_TestConsole/Tuto_09_TestConsole.csproj" Id="604f258d-2a9c-4dc2-bfdd-cf3c9a1df120" />
</Solution>
